
Microsoft Visual Studio Solution File, Format Version 12.00
# Visual Studio 2012
Project("{FAE04EC0-301F-11D3-BF4B-00C04F79EFBC}") = "Vsichko", "Vsichko\Vsichko.csproj", "{59971074-8062-403C-914D-9A86FDD9ECCE}"
EndProject
Global
	GlobalSection(SolutionConfigurationPlatforms) = preSolution
		Debug|Any CPU = Debug|Any CPU
		Release|Any CPU = Release|Any CPU
	EndGlobalSection
	GlobalSection(ProjectConfigurationPlatforms) = postSolution
		{59971074-8062-403C-914D-9A86FDD9ECCE}.Debug|Any CPU.ActiveCfg = Debug|Any CPU
		{59971074-8062-403C-914D-9A86FDD9ECCE}.Debug|Any CPU.Build.0 = Debug|Any CPU
		{59971074-8062-403C-914D-9A86FDD9ECCE}.Release|Any CPU.ActiveCfg = Release|Any CPU
		{59971074-8062-403C-914D-9A86FDD9ECCE}.Release|Any CPU.Build.0 = Release|Any CPU
	EndGlobalSection
	GlobalSection(SolutionProperties) = preSolution
		HideSolutionNode = FALSE
	EndGlobalSection
EndGlobal
